
Microsoft Visual Studio Solution File, Format Version 12.00
# Visual Studio 15
VisualStudioVersion = 15.0.27703.2035
MinimumVisualStudioVersion = 10.0.40219.1
Project("{F184B08F-C81C-45F6-A57F-5ABD9991F28F}") = "Dotplotter", "Dotplotter.vbproj", "{609DA634-D7C8-40B3-A371-9D14CD217F11}"
EndProject
Global
	GlobalSection(SolutionConfigurationPlatforms) = preSolution
		Debug|Any CPU = Debug|Any CPU
		Release|Any CPU = Release|Any CPU
	EndGlobalSection
	GlobalSection(ProjectConfigurationPlatforms) = postSolution
		{609DA634-D7C8-40B3-A371-9D14CD217F11}.Debug|Any CPU.ActiveCfg = Debug|Any CPU
		{609DA634-D7C8-40B3-A371-9D14CD217F11}.Debug|Any CPU.Build.0 = Debug|Any CPU
		{609DA634-D7C8-40B3-A371-9D14CD217F11}.Release|Any CPU.ActiveCfg = Release|Any CPU
		{609DA634-D7C8-40B3-A371-9D14CD217F11}.Release|Any CPU.Build.0 = Release|Any CPU
	EndGlobalSection
	GlobalSection(SolutionProperties) = preSolution
		HideSolutionNode = FALSE
	EndGlobalSection
	GlobalSection(ExtensibilityGlobals) = postSolution
		SolutionGuid = {68F33EDC-ABD1-40F4-B76E-0F1E1539AA8E}
	EndGlobalSection
EndGlobal
